
Microsoft Visual Studio Solution File, Format Version 12.00
# Visual Studio 14
VisualStudioVersion = 14.0.25420.1
MinimumVisualStudioVersion = 10.0.40219.1
Project("{E24C65DC-7377-472B-9ABA-BC803B73C61A}") = "SimpleViewAssessment2", "..\..\WebSites\SimpleViewAssessment2\", "{09C4478E-4AA3-46FF-A4CC-FDC8261062C5}"
	ProjectSection(WebsiteProperties) = preProject
		TargetFrameworkMoniker = ".NETFramework,Version%3Dv4.5.2"
		Debug.AspNetCompiler.VirtualPath = "/localhost_22667"
		Debug.AspNetCompiler.PhysicalPath = "..\..\WebSites\SimpleViewAssessment2\"
		Debug.AspNetCompiler.TargetPath = "PrecompiledWeb\localhost_22667\"
		Debug.AspNetCompiler.Updateable = "true"
		Debug.AspNetCompiler.ForceOverwrite = "true"
		Debug.AspNetCompiler.FixedNames = "false"
		Debug.AspNetCompiler.Debug = "True"
		Release.AspNetCompiler.VirtualPath = "/localhost_22667"
		Release.AspNetCompiler.PhysicalPath = "..\..\WebSites\SimpleViewAssessment2\"
		Release.AspNetCompiler.TargetPath = "PrecompiledWeb\localhost_22667\"
		Release.AspNetCompiler.Updateable = "true"
		Release.AspNetCompiler.ForceOverwrite = "true"
		Release.AspNetCompiler.FixedNames = "false"
		Release.AspNetCompiler.Debug = "False"
		VWDPort = "22667"
		SlnRelativePath = "..\..\WebSites\SimpleViewAssessment2\"
		DefaultWebSiteLanguage = "Visual C#"
	EndProjectSection
EndProject
Global
	GlobalSection(SolutionConfigurationPlatforms) = preSolution
		Debug|Any CPU = Debug|Any CPU
	EndGlobalSection
	GlobalSection(ProjectConfigurationPlatforms) = postSolution
		{09C4478E-4AA3-46FF-A4CC-FDC8261062C5}.Debug|Any CPU.ActiveCfg = Debug|Any CPU
		{09C4478E-4AA3-46FF-A4CC-FDC8261062C5}.Debug|Any CPU.Build.0 = Debug|Any CPU
	EndGlobalSection
	GlobalSection(SolutionProperties) = preSolution
		HideSolutionNode = FALSE
	EndGlobalSection
EndGlobal
